# This file was autogenerated by Stack.
# You should not edit this file by hand.
# For more information, please see the documentation at:
#   https://docs.haskellstack.org/en/stable/lock_files

packages:
- completed:
    hackage: parsec-3.1.14.0@sha256:63a4555d6ea2aaccd8588fc809e5d137e72b668898ab3b171ce8458b792f0f36,4356
    pantry-tree:
      size: 2574
      sha256: c17cc12ba9a912521d58d8bcee07830351fe27483d9309ebdac8e32175e10706
  original:
    hackage: parsec-3.1.14.0
- completed:
    hackage: hspec-2.7.3@sha256:cd917f57340df7e85516b552b16960ece67506db7d574fb0791713f073ecc262,1692
    pantry-tree:
      size: 532
      sha256: 6102a971185aae43fed413eb6be3a9e22e22c5a4f4a05bb86cfab921960c8b65
  original:
    hackage: hspec-2.7.3
- completed:
    hackage: hspec-core-2.7.3@sha256:280865d51dfa9a1df901c35cf10117fcd1e770215c8a22d90f394804f5a56fc4,4537
    pantry-tree:
      size: 3746
      sha256: 395e3e3f41aaaecfa1042f872ba63c5a3cff260efea45a797e4d7789bd31ce6c
  original:
    hackage: hspec-core-2.7.3
- completed:
    hackage: hspec-discover-2.7.3@sha256:74fc3a734db9373f84aba93d9f9fd5cc91af1314b3f7f27e4991a805daf64803,2166
    pantry-tree:
      size: 1080
      sha256: d22cff43fa904b71b2177e66b235320f3f9c3712c3d0aa17dc0a6b96009ef795
  original:
    hackage: hspec-discover-2.7.3
snapshots:
- completed:
    size: 532377
    url: https://raw.githubusercontent.com/commercialhaskell/stackage-snapshots/master/lts/16/12.yaml
    sha256: f914cfa23fef85bdf895e300a8234d9d0edc2dbec67f4bc9c53f85867c50eab6
  original:
    url: https://raw.githubusercontent.com/commercialhaskell/stackage-snapshots/master/lts/16/12.yaml
