# This file was autogenerated by Stack.
# You should not edit this file by hand.
# For more information, please see the documentation at:
#   https://docs.haskellstack.org/en/stable/lock_files

packages:
- completed:
    hackage: hspec-2.7.3@sha256:cd917f57340df7e85516b552b16960ece67506db7d574fb0791713f073ecc262,1692
    pantry-tree:
      size: 532
      sha256: 6102a971185aae43fed413eb6be3a9e22e22c5a4f4a05bb86cfab921960c8b65
  original:
    hackage: hspec-2.7.3
- completed:
    hackage: hspec-core-2.7.3@sha256:280865d51dfa9a1df901c35cf10117fcd1e770215c8a22d90f394804f5a56fc4,4537
    pantry-tree:
      size: 3746
      sha256: 395e3e3f41aaaecfa1042f872ba63c5a3cff260efea45a797e4d7789bd31ce6c
  original:
    hackage: hspec-core-2.7.3
- completed:
    hackage: hspec-discover-2.7.3@sha256:74fc3a734db9373f84aba93d9f9fd5cc91af1314b3f7f27e4991a805daf64803,2166
    pantry-tree:
      size: 1080
      sha256: d22cff43fa904b71b2177e66b235320f3f9c3712c3d0aa17dc0a6b96009ef795
  original:
    hackage: hspec-discover-2.7.3
- completed:
    hackage: unordered-containers-0.2.12.0@sha256:164a47850c4536c8b7cc12f74578588cf3b6c331f04e671306d2dcb806284bb1,4978
    pantry-tree:
      size: 1388
      sha256: 6c5fc0b867c11681dbadeb9cbcae10864abe3c5a4799410016c90871d3406c6e
  original:
    hackage: unordered-containers-0.2.12.0
- completed:
    hackage: repline-0.4.0.0@sha256:3324479e497d27c40c3d4762bffc52058f9921621d20d2947dcf9a554b94cd0d,2253
    pantry-tree:
      size: 564
      sha256: bff43f9a5b0a212c29c12e2e22b528d9071b2a7d13489ce5bdc54ae9eac853cf
  original:
    hackage: repline-0.4.0.0
- completed:
    hackage: haskeline-0.8.1.0@sha256:6a6158c90b929ce7aa5331ff5e9819aa32c7df8f4a7ba324b3cc055ee96b48cb,5818
    pantry-tree:
      size: 2955
      sha256: b80332551d20389637851299b618679a8435531bed1fed905195ae7163526999
  original:
    hackage: haskeline-0.8.1.0
snapshots:
- completed:
    size: 532377
    url: https://raw.githubusercontent.com/commercialhaskell/stackage-snapshots/master/lts/16/12.yaml
    sha256: f914cfa23fef85bdf895e300a8234d9d0edc2dbec67f4bc9c53f85867c50eab6
  original:
    url: https://raw.githubusercontent.com/commercialhaskell/stackage-snapshots/master/lts/16/12.yaml
